// !$*UTF8*$!
{
	archiveVersion = 1;
	classes = {
	};
	objectVersion = 77;
	objects = {

/* Begin PBXBuildFile section */
		28C4DE092DAE73210072FA58 /* Launch Screen.storyboard in Resources */ = {isa = PBXBuildFile; fileRef = 28C4DE062DAE73210072FA58 /* Launch Screen.storyboard */; };
		28C4DE0A2DAE73210072FA58 /* bereal_voodoo_test_assignmentApp.swift in Sources */ = {isa = PBXBuildFile; fileRef = 28C4DE042DAE73210072FA58 /* bereal_voodoo_test_assignmentApp.swift */; };
		28C4DE0E2DAE73210072FA58 /* Assets.xcassets in Resources */ = {isa = PBXBuildFile; fileRef = 28C4DE0B2DAE73210072FA58 /* Assets.xcassets */; };
		28C4DE0F2DAE73210072FA58 /* Preview Assets.xcassets in Resources */ = {isa = PBXBuildFile; fileRef = 28C4DE0C2DAE73210072FA58 /* Preview Assets.xcassets */; };
		28C4DE112DAE733C0072FA58 /* Constants.swift in Sources */ = {isa = PBXBuildFile; fileRef = 28C4DE102DAE733A0072FA58 /* Constants.swift */; };
		28C4DE132DAE737D0072FA58 /* users.json in Resources */ = {isa = PBXBuildFile; fileRef = 28C4DE122DAE737D0072FA58 /* users.json */; };
		28C4DE162DAE739F0072FA58 /* NetworkService.swift in Sources */ = {isa = PBXBuildFile; fileRef = 28C4DE152DAE739B0072FA58 /* NetworkService.swift */; };
		28C4DE182DAE73A30072FA58 /* ImageLoader.swift in Sources */ = {isa = PBXBuildFile; fileRef = 28C4DE172DAE73A10072FA58 /* ImageLoader.swift */; };
		28C4DE1A2DAE73A80072FA58 /* StoryStateService.swift in Sources */ = {isa = PBXBuildFile; fileRef = 28C4DE192DAE73A70072FA58 /* StoryStateService.swift */; };
		28C4DE1D2DAE73CD0072FA58 /* User.swift in Sources */ = {isa = PBXBuildFile; fileRef = 28C4DE1C2DAE73C90072FA58 /* User.swift */; };
		28C4DE1F2DAE73D20072FA58 /* Story.swift in Sources */ = {isa = PBXBuildFile; fileRef = 28C4DE1E2DAE73D00072FA58 /* Story.swift */; };
		28C4DE212DAE73D60072FA58 /* StoryState.swift in Sources */ = {isa = PBXBuildFile; fileRef = 28C4DE202DAE73D50072FA58 /* StoryState.swift */; };
		28C4DE242DAE73ED0072FA58 /* StoriesListViewModel.swift in Sources */ = {isa = PBXBuildFile; fileRef = 28C4DE232DAE73E90072FA58 /* StoriesListViewModel.swift */; };
		28C4DE262DAE73F10072FA58 /* StoryViewModel.swift in Sources */ = {isa = PBXBuildFile; fileRef = 28C4DE252DAE73F00072FA58 /* StoryViewModel.swift */; };
		28C4DE282DAE740D0072FA58 /* StoriesListView.swift in Sources */ = {isa = PBXBuildFile; fileRef = 28C4DE272DAE740B0072FA58 /* StoriesListView.swift */; };
		28C4DE2A2DAE74120072FA58 /* StoryView.swift in Sources */ = {isa = PBXBuildFile; fileRef = 28C4DE292DAE74100072FA58 /* StoryView.swift */; };
		28C4DE2C2DAE741A0072FA58 /* StoryAvatarView.swift in Sources */ = {isa = PBXBuildFile; fileRef = 28C4DE2B2DAE74180072FA58 /* StoryAvatarView.swift */; };
		28C4DE2F2DAE74260072FA58 /* LoadingView.swift in Sources */ = {isa = PBXBuildFile; fileRef = 28C4DE2E2DAE74240072FA58 /* LoadingView.swift */; };
		28C4DE312DAE742A0072FA58 /* ErrorView.swift in Sources */ = {isa = PBXBuildFile; fileRef = 28C4DE302DAE74290072FA58 /* ErrorView.swift */; };
		28C4DE332DAE75FF0072FA58 /* AsyncImage.swift in Sources */ = {isa = PBXBuildFile; fileRef = 28C4DE322DAE75FD0072FA58 /* AsyncImage.swift */; };
		28C4DE352DAE76460072FA58 /* StoryStateServiceProtocol.swift in Sources */ = {isa = PBXBuildFile; fileRef = 28C4DE342DAE76450072FA58 /* StoryStateServiceProtocol.swift */; };
		28C4DE382DAE76B30072FA58 /* NetworkServiceProtocol.swift in Sources */ = {isa = PBXBuildFile; fileRef = 28C4DE372DAE76B20072FA58 /* NetworkServiceProtocol.swift */; };
		28C4DE3B2DAE77200072FA58 /* NetworkError.swift in Sources */ = {isa = PBXBuildFile; fileRef = 28C4DE3A2DAE771F0072FA58 /* NetworkError.swift */; };
		28C4DE3D2DAE77930072FA58 /* ProgressBar.swift in Sources */ = {isa = PBXBuildFile; fileRef = 28C4DE3C2DAE77910072FA58 /* ProgressBar.swift */; };
		28C4DE3F2DAE88980072FA58 /* TapAreaView.swift in Sources */ = {isa = PBXBuildFile; fileRef = 28C4DE3E2DAE88920072FA58 /* TapAreaView.swift */; };
/* End PBXBuildFile section */

/* Begin PBXFileReference section */
		28C4DDD42DAE70EF0072FA58 /* bereal-voodoo-test-assignment.app */ = {isa = PBXFileReference; explicitFileType = wrapper.application; includeInIndex = 0; path = "bereal-voodoo-test-assignment.app"; sourceTree = BUILT_PRODUCTS_DIR; };
		28C4DE042DAE73210072FA58 /* bereal_voodoo_test_assignmentApp.swift */ = {isa = PBXFileReference; lastKnownFileType = sourcecode.swift; path = bereal_voodoo_test_assignmentApp.swift; sourceTree = "<group>"; };
		28C4DE052DAE73210072FA58 /* Info.plist */ = {isa = PBXFileReference; lastKnownFileType = text.plist.xml; path = Info.plist; sourceTree = "<group>"; };
		28C4DE062DAE73210072FA58 /* Launch Screen.storyboard */ = {isa = PBXFileReference; lastKnownFileType = file.storyboard; path = "Launch Screen.storyboard"; sourceTree = "<group>"; };
		28C4DE0B2DAE73210072FA58 /* Assets.xcassets */ = {isa = PBXFileReference; lastKnownFileType = folder.assetcatalog; path = Assets.xcassets; sourceTree = "<group>"; };
		28C4DE0C2DAE73210072FA58 /* Preview Assets.xcassets */ = {isa = PBXFileReference; lastKnownFileType = folder.assetcatalog; path = "Preview Assets.xcassets"; sourceTree = "<group>"; };
		28C4DE102DAE733A0072FA58 /* Constants.swift */ = {isa = PBXFileReference; lastKnownFileType = sourcecode.swift; path = Constants.swift; sourceTree = "<group>"; };
		28C4DE122DAE737D0072FA58 /* users.json */ = {isa = PBXFileReference; lastKnownFileType = text.json; path = users.json; sourceTree = "<group>"; };
		28C4DE152DAE739B0072FA58 /* NetworkService.swift */ = {isa = PBXFileReference; lastKnownFileType = sourcecode.swift; path = NetworkService.swift; sourceTree = "<group>"; };
		28C4DE172DAE73A10072FA58 /* ImageLoader.swift */ = {isa = PBXFileReference; lastKnownFileType = sourcecode.swift; path = ImageLoader.swift; sourceTree = "<group>"; };
		28C4DE192DAE73A70072FA58 /* StoryStateService.swift */ = {isa = PBXFileReference; lastKnownFileType = sourcecode.swift; path = StoryStateService.swift; sourceTree = "<group>"; };
		28C4DE1C2DAE73C90072FA58 /* User.swift */ = {isa = PBXFileReference; lastKnownFileType = sourcecode.swift; path = User.swift; sourceTree = "<group>"; };
		28C4DE1E2DAE73D00072FA58 /* Story.swift */ = {isa = PBXFileReference; lastKnownFileType = sourcecode.swift; path = Story.swift; sourceTree = "<group>"; };
		28C4DE202DAE73D50072FA58 /* StoryState.swift */ = {isa = PBXFileReference; lastKnownFileType = sourcecode.swift; path = StoryState.swift; sourceTree = "<group>"; };
		28C4DE232DAE73E90072FA58 /* StoriesListViewModel.swift */ = {isa = PBXFileReference; lastKnownFileType = sourcecode.swift; path = StoriesListViewModel.swift; sourceTree = "<group>"; };
		28C4DE252DAE73F00072FA58 /* StoryViewModel.swift */ = {isa = PBXFileReference; lastKnownFileType = sourcecode.swift; path = StoryViewModel.swift; sourceTree = "<group>"; };
		28C4DE272DAE740B0072FA58 /* StoriesListView.swift */ = {isa = PBXFileReference; lastKnownFileType = sourcecode.swift; path = StoriesListView.swift; sourceTree = "<group>"; };
		28C4DE292DAE74100072FA58 /* StoryView.swift */ = {isa = PBXFileReference; lastKnownFileType = sourcecode.swift; path = StoryView.swift; sourceTree = "<group>"; };
		28C4DE2B2DAE74180072FA58 /* StoryAvatarView.swift */ = {isa = PBXFileReference; lastKnownFileType = sourcecode.swift; path = StoryAvatarView.swift; sourceTree = "<group>"; };
		28C4DE2E2DAE74240072FA58 /* LoadingView.swift */ = {isa = PBXFileReference; lastKnownFileType = sourcecode.swift; path = LoadingView.swift; sourceTree = "<group>"; };
		28C4DE302DAE74290072FA58 /* ErrorView.swift */ = {isa = PBXFileReference; lastKnownFileType = sourcecode.swift; path = ErrorView.swift; sourceTree = "<group>"; };
		28C4DE322DAE75FD0072FA58 /* AsyncImage.swift */ = {isa = PBXFileReference; lastKnownFileType = sourcecode.swift; path = AsyncImage.swift; sourceTree = "<group>"; };
		28C4DE342DAE76450072FA58 /* StoryStateServiceProtocol.swift */ = {isa = PBXFileReference; lastKnownFileType = sourcecode.swift; path = StoryStateServiceProtocol.swift; sourceTree = "<group>"; };
		28C4DE372DAE76B20072FA58 /* NetworkServiceProtocol.swift */ = {isa = PBXFileReference; lastKnownFileType = sourcecode.swift; path = NetworkServiceProtocol.swift; sourceTree = "<group>"; };
		28C4DE3A2DAE771F0072FA58 /* NetworkError.swift */ = {isa = PBXFileReference; lastKnownFileType = sourcecode.swift; path = NetworkError.swift; sourceTree = "<group>"; };
		28C4DE3C2DAE77910072FA58 /* ProgressBar.swift */ = {isa = PBXFileReference; lastKnownFileType = sourcecode.swift; path = ProgressBar.swift; sourceTree = "<group>"; };
		28C4DE3E2DAE88920072FA58 /* TapAreaView.swift */ = {isa = PBXFileReference; lastKnownFileType = sourcecode.swift; path = TapAreaView.swift; sourceTree = "<group>"; };
/* End PBXFileReference section */

/* Begin PBXFrameworksBuildPhase section */
		28C4DDD12DAE70EF0072FA58 /* Frameworks */ = {
			isa = PBXFrameworksBuildPhase;
			buildActionMask = 2147483647;
			files = (
			);
			runOnlyForDeploymentPostprocessing = 0;
		};
/* End PBXFrameworksBuildPhase section */

/* Begin PBXGroup section */
		28C4DDCB2DAE70EF0072FA58 = {
			isa = PBXGroup;
			children = (
				28C4DDF32DAE71890072FA58 /* bereal-voodoo-test-assignment */,
				28C4DDD52DAE70EF0072FA58 /* Products */,
			);
			sourceTree = "<group>";
		};
		28C4DDD52DAE70EF0072FA58 /* Products */ = {
			isa = PBXGroup;
			children = (
				28C4DDD42DAE70EF0072FA58 /* bereal-voodoo-test-assignment.app */,
			);
			name = Products;
			sourceTree = "<group>";
		};
		28C4DDF32DAE71890072FA58 /* bereal-voodoo-test-assignment */ = {
			isa = PBXGroup;
			children = (
				28C4DE222DAE73E30072FA58 /* ViewModels */,
				28C4DE1B2DAE73BC0072FA58 /* Models */,
				28C4DE142DAE738F0072FA58 /* Services */,
				28C4DE002DAE73210072FA58 /* Utilities */,
				28C4DE0D2DAE73210072FA58 /* Resources */,
				28C4DE072DAE73210072FA58 /* App */,
				28C4DE022DAE73210072FA58 /* Views */,
			);
			path = "bereal-voodoo-test-assignment";
			sourceTree = "<group>";
		};
		28C4DE002DAE73210072FA58 /* Utilities */ = {
			isa = PBXGroup;
			children = (
				28C4DE102DAE733A0072FA58 /* Constants.swift */,
			);
			path = Utilities;
			sourceTree = "<group>";
		};
		28C4DE022DAE73210072FA58 /* Views */ = {
			isa = PBXGroup;
			children = (
				28C4DE272DAE740B0072FA58 /* StoriesListView.swift */,
				28C4DE292DAE74100072FA58 /* StoryView.swift */,
				28C4DE2B2DAE74180072FA58 /* StoryAvatarView.swift */,
				28C4DE2D2DAE741F0072FA58 /* Components */,
			);
			path = Views;
			sourceTree = "<group>";
		};
		28C4DE072DAE73210072FA58 /* App */ = {
			isa = PBXGroup;
			children = (
				28C4DE042DAE73210072FA58 /* bereal_voodoo_test_assignmentApp.swift */,
				28C4DE052DAE73210072FA58 /* Info.plist */,
				28C4DE062DAE73210072FA58 /* Launch Screen.storyboard */,
			);
			path = App;
			sourceTree = "<group>";
		};
		28C4DE0D2DAE73210072FA58 /* Resources */ = {
			isa = PBXGroup;
			children = (
				28C4DE0B2DAE73210072FA58 /* Assets.xcassets */,
				28C4DE122DAE737D0072FA58 /* users.json */,
				28C4DE0C2DAE73210072FA58 /* Preview Assets.xcassets */,
			);
			path = Resources;
			sourceTree = "<group>";
		};
		28C4DE142DAE738F0072FA58 /* Services */ = {
			isa = PBXGroup;
			children = (
				28C4DE152DAE739B0072FA58 /* NetworkService.swift */,
				28C4DE172DAE73A10072FA58 /* ImageLoader.swift */,
				28C4DE392DAE77130072FA58 /* Types */,
				28C4DE362DAE76A20072FA58 /* Abstractions */,
				28C4DE192DAE73A70072FA58 /* StoryStateService.swift */,
			);
			path = Services;
			sourceTree = "<group>";
		};
		28C4DE1B2DAE73BC0072FA58 /* Models */ = {
			isa = PBXGroup;
			children = (
				28C4DE1C2DAE73C90072FA58 /* User.swift */,
				28C4DE1E2DAE73D00072FA58 /* Story.swift */,
				28C4DE202DAE73D50072FA58 /* StoryState.swift */,
			);
			path = Models;
			sourceTree = "<group>";
		};
		28C4DE222DAE73E30072FA58 /* ViewModels */ = {
			isa = PBXGroup;
			children = (
				28C4DE232DAE73E90072FA58 /* StoriesListViewModel.swift */,
				28C4DE252DAE73F00072FA58 /* StoryViewModel.swift */,
			);
			path = ViewModels;
			sourceTree = "<group>";
		};
		28C4DE2D2DAE741F0072FA58 /* Components */ = {
			isa = PBXGroup;
			children = (
				28C4DE2E2DAE74240072FA58 /* LoadingView.swift */,
				28C4DE302DAE74290072FA58 /* ErrorView.swift */,
				28C4DE322DAE75FD0072FA58 /* AsyncImage.swift */,
				28C4DE3E2DAE88920072FA58 /* TapAreaView.swift */,
				28C4DE3C2DAE77910072FA58 /* ProgressBar.swift */,
			);
			path = Components;
			sourceTree = "<group>";
		};
		28C4DE362DAE76A20072FA58 /* Abstractions */ = {
			isa = PBXGroup;
			children = (
				28C4DE342DAE76450072FA58 /* StoryStateServiceProtocol.swift */,
				28C4DE372DAE76B20072FA58 /* NetworkServiceProtocol.swift */,
			);
			path = Abstractions;
			sourceTree = "<group>";
		};
		28C4DE392DAE77130072FA58 /* Types */ = {
			isa = PBXGroup;
			children = (
				28C4DE3A2DAE771F0072FA58 /* NetworkError.swift */,
			);
			path = Types;
			sourceTree = "<group>";
		};
/* End PBXGroup section */

/* Begin PBXNativeTarget section */
		28C4DDD32DAE70EF0072FA58 /* bereal-voodoo-test-assignment */ = {
			isa = PBXNativeTarget;
			buildConfigurationList = 28C4DDE22DAE70F00072FA58 /* Build configuration list for PBXNativeTarget "bereal-voodoo-test-assignment" */;
			buildPhases = (
				28C4DDD02DAE70EF0072FA58 /* Sources */,
				28C4DDD12DAE70EF0072FA58 /* Frameworks */,
				28C4DDD22DAE70EF0072FA58 /* Resources */,
			);
			buildRules = (
			);
			dependencies = (
			);
			name = "bereal-voodoo-test-assignment";
			packageProductDependencies = (
			);
			productName = "bereal-voodoo-test-assignment";
			productReference = 28C4DDD42DAE70EF0072FA58 /* bereal-voodoo-test-assignment.app */;
			productType = "com.apple.product-type.application";
		};
/* End PBXNativeTarget section */

/* Begin PBXProject section */
		28C4DDCC2DAE70EF0072FA58 /* Project object */ = {
			isa = PBXProject;
			attributes = {
				BuildIndependentTargetsInParallel = 1;
				LastSwiftUpdateCheck = 1620;
				LastUpgradeCheck = 1620;
				TargetAttributes = {
					28C4DDD32DAE70EF0072FA58 = {
						CreatedOnToolsVersion = 16.2;
					};
				};
			};
			buildConfigurationList = 28C4DDCF2DAE70EF0072FA58 /* Build configuration list for PBXProject "bereal-voodoo-test-assignment" */;
			developmentRegion = en;
			hasScannedForEncodings = 0;
			knownRegions = (
				en,
				Base,
			);
			mainGroup = 28C4DDCB2DAE70EF0072FA58;
			minimizedProjectReferenceProxies = 1;
			preferredProjectObjectVersion = 77;
			productRefGroup = 28C4DDD52DAE70EF0072FA58 /* Products */;
			projectDirPath = "";
			projectRoot = "";
			targets = (
				28C4DDD32DAE70EF0072FA58 /* bereal-voodoo-test-assignment */,
			);
		};
/* End PBXProject section */

/* Begin PBXResourcesBuildPhase section */
		28C4DDD22DAE70EF0072FA58 /* Resources */ = {
			isa = PBXResourcesBuildPhase;
			buildActionMask = 2147483647;
			files = (
				28C4DE132DAE737D0072FA58 /* users.json in Resources */,
				28C4DE0E2DAE73210072FA58 /* Assets.xcassets in Resources */,
				28C4DE0F2DAE73210072FA58 /* Preview Assets.xcassets in Resources */,
				28C4DE092DAE73210072FA58 /* Launch Screen.storyboard in Resources */,
			);
			runOnlyForDeploymentPostprocessing = 0;
		};
/* End PBXResourcesBuildPhase section */

/* Begin PBXSourcesBuildPhase section */
		28C4DDD02DAE70EF0072FA58 /* Sources */ = {
			isa = PBXSourcesBuildPhase;
			buildActionMask = 2147483647;
			files = (
				28C4DE1A2DAE73A80072FA58 /* StoryStateService.swift in Sources */,
				28C4DE0A2DAE73210072FA58 /* bereal_voodoo_test_assignmentApp.swift in Sources */,
				28C4DE182DAE73A30072FA58 /* ImageLoader.swift in Sources */,
				28C4DE162DAE739F0072FA58 /* NetworkService.swift in Sources */,
				28C4DE282DAE740D0072FA58 /* StoriesListView.swift in Sources */,
				28C4DE2F2DAE74260072FA58 /* LoadingView.swift in Sources */,
				28C4DE112DAE733C0072FA58 /* Constants.swift in Sources */,
				28C4DE2C2DAE741A0072FA58 /* StoryAvatarView.swift in Sources */,
				28C4DE2A2DAE74120072FA58 /* StoryView.swift in Sources */,
				28C4DE242DAE73ED0072FA58 /* StoriesListViewModel.swift in Sources */,
				28C4DE312DAE742A0072FA58 /* ErrorView.swift in Sources */,
				28C4DE1D2DAE73CD0072FA58 /* User.swift in Sources */,
				28C4DE3F2DAE88980072FA58 /* TapAreaView.swift in Sources */,
				28C4DE332DAE75FF0072FA58 /* AsyncImage.swift in Sources */,
				28C4DE1F2DAE73D20072FA58 /* Story.swift in Sources */,
				28C4DE382DAE76B30072FA58 /* NetworkServiceProtocol.swift in Sources */,
				28C4DE262DAE73F10072FA58 /* StoryViewModel.swift in Sources */,
				28C4DE212DAE73D60072FA58 /* StoryState.swift in Sources */,
				28C4DE352DAE76460072FA58 /* StoryStateServiceProtocol.swift in Sources */,
				28C4DE3D2DAE77930072FA58 /* ProgressBar.swift in Sources */,
				28C4DE3B2DAE77200072FA58 /* NetworkError.swift in Sources */,
			);
			runOnlyForDeploymentPostprocessing = 0;
		};
/* End PBXSourcesBuildPhase section */

/* Begin XCBuildConfiguration section */
		28C4DDE02DAE70F00072FA58 /* Debug */ = {
			isa = XCBuildConfiguration;
			buildSettings = {
				ALWAYS_SEARCH_USER_PATHS = NO;
				ASSETCATALOG_COMPILER_GENERATE_SWIFT_ASSET_SYMBOL_EXTENSIONS = YES;
				CLANG_ANALYZER_NONNULL = YES;
				CLANG_ANALYZER_NUMBER_OBJECT_CONVERSION = YES_AGGRESSIVE;
				CLANG_CXX_LANGUAGE_STANDARD = "gnu++20";
				CLANG_ENABLE_MODULES = YES;
				CLANG_ENABLE_OBJC_ARC = YES;
				CLANG_ENABLE_OBJC_WEAK = YES;
				CLANG_WARN_BLOCK_CAPTURE_AUTORELEASING = YES;
				CLANG_WARN_BOOL_CONVERSION = YES;
				CLANG_WARN_COMMA = YES;
				CLANG_WARN_CONSTANT_CONVERSION = YES;
				CLANG_WARN_DEPRECATED_OBJC_IMPLEMENTATIONS = YES;
				CLANG_WARN_DIRECT_OBJC_ISA_USAGE = YES_ERROR;
				CLANG_WARN_DOCUMENTATION_COMMENTS = YES;
				CLANG_WARN_EMPTY_BODY = YES;
				CLANG_WARN_ENUM_CONVERSION = YES;
				CLANG_WARN_INFINITE_RECURSION = YES;
				CLANG_WARN_INT_CONVERSION = YES;
				CLANG_WARN_NON_LITERAL_NULL_CONVERSION = YES;
				CLANG_WARN_OBJC_IMPLICIT_RETAIN_SELF = YES;
				CLANG_WARN_OBJC_LITERAL_CONVERSION = YES;
				CLANG_WARN_OBJC_ROOT_CLASS = YES_ERROR;
				CLANG_WARN_QUOTED_INCLUDE_IN_FRAMEWORK_HEADER = YES;
				CLANG_WARN_RANGE_LOOP_ANALYSIS = YES;
				CLANG_WARN_STRICT_PROTOTYPES = YES;
				CLANG_WARN_SUSPICIOUS_MOVE = YES;
				CLANG_WARN_UNGUARDED_AVAILABILITY = YES_AGGRESSIVE;
				CLANG_WARN_UNREACHABLE_CODE = YES;
				CLANG_WARN__DUPLICATE_METHOD_MATCH = YES;
				COPY_PHASE_STRIP = NO;
				DEBUG_INFORMATION_FORMAT = dwarf;
				ENABLE_STRICT_OBJC_MSGSEND = YES;
				ENABLE_TESTABILITY = YES;
				ENABLE_USER_SCRIPT_SANDBOXING = YES;
				GCC_C_LANGUAGE_STANDARD = gnu17;
				GCC_DYNAMIC_NO_PIC = NO;
				GCC_NO_COMMON_BLOCKS = YES;
				GCC_OPTIMIZATION_LEVEL = 0;
				GCC_PREPROCESSOR_DEFINITIONS = (
					"DEBUG=1",
					"$(inherited)",
				);
				GCC_WARN_64_TO_32_BIT_CONVERSION = YES;
				GCC_WARN_ABOUT_RETURN_TYPE = YES_ERROR;
				GCC_WARN_UNDECLARED_SELECTOR = YES;
				GCC_WARN_UNINITIALIZED_AUTOS = YES_AGGRESSIVE;
				GCC_WARN_UNUSED_FUNCTION = YES;
				GCC_WARN_UNUSED_VARIABLE = YES;
				IPHONEOS_DEPLOYMENT_TARGET = 18.2;
				LOCALIZATION_PREFERS_STRING_CATALOGS = YES;
				MTL_ENABLE_DEBUG_INFO = INCLUDE_SOURCE;
				MTL_FAST_MATH = YES;
				ONLY_ACTIVE_ARCH = YES;
				SDKROOT = iphoneos;
				SWIFT_ACTIVE_COMPILATION_CONDITIONS = "DEBUG $(inherited)";
				SWIFT_OPTIMIZATION_LEVEL = "-Onone";
			};
			name = Debug;
		};
		28C4DDE12DAE70F00072FA58 /* Release */ = {
			isa = XCBuildConfiguration;
			buildSettings = {
				ALWAYS_SEARCH_USER_PATHS = NO;
				ASSETCATALOG_COMPILER_GENERATE_SWIFT_ASSET_SYMBOL_EXTENSIONS = YES;
				CLANG_ANALYZER_NONNULL = YES;
				CLANG_ANALYZER_NUMBER_OBJECT_CONVERSION = YES_AGGRESSIVE;
				CLANG_CXX_LANGUAGE_STANDARD = "gnu++20";
				CLANG_ENABLE_MODULES = YES;
				CLANG_ENABLE_OBJC_ARC = YES;
				CLANG_ENABLE_OBJC_WEAK = YES;
				CLANG_WARN_BLOCK_CAPTURE_AUTORELEASING = YES;
				CLANG_WARN_BOOL_CONVERSION = YES;
				CLANG_WARN_COMMA = YES;
				CLANG_WARN_CONSTANT_CONVERSION = YES;
				CLANG_WARN_DEPRECATED_OBJC_IMPLEMENTATIONS = YES;
				CLANG_WARN_DIRECT_OBJC_ISA_USAGE = YES_ERROR;
				CLANG_WARN_DOCUMENTATION_COMMENTS = YES;
				CLANG_WARN_EMPTY_BODY = YES;
				CLANG_WARN_ENUM_CONVERSION = YES;
				CLANG_WARN_INFINITE_RECURSION = YES;
				CLANG_WARN_INT_CONVERSION = YES;
				CLANG_WARN_NON_LITERAL_NULL_CONVERSION = YES;
				CLANG_WARN_OBJC_IMPLICIT_RETAIN_SELF = YES;
				CLANG_WARN_OBJC_LITERAL_CONVERSION = YES;
				CLANG_WARN_OBJC_ROOT_CLASS = YES_ERROR;
				CLANG_WARN_QUOTED_INCLUDE_IN_FRAMEWORK_HEADER = YES;
				CLANG_WARN_RANGE_LOOP_ANALYSIS = YES;
				CLANG_WARN_STRICT_PROTOTYPES = YES;
				CLANG_WARN_SUSPICIOUS_MOVE = YES;
				CLANG_WARN_UNGUARDED_AVAILABILITY = YES_AGGRESSIVE;
				CLANG_WARN_UNREACHABLE_CODE = YES;
				CLANG_WARN__DUPLICATE_METHOD_MATCH = YES;
				COPY_PHASE_STRIP = NO;
				DEBUG_INFORMATION_FORMAT = "dwarf-with-dsym";
				ENABLE_NS_ASSERTIONS = NO;
				ENABLE_STRICT_OBJC_MSGSEND = YES;
				ENABLE_USER_SCRIPT_SANDBOXING = YES;
				GCC_C_LANGUAGE_STANDARD = gnu17;
				GCC_NO_COMMON_BLOCKS = YES;
				GCC_WARN_64_TO_32_BIT_CONVERSION = YES;
				GCC_WARN_ABOUT_RETURN_TYPE = YES_ERROR;
				GCC_WARN_UNDECLARED_SELECTOR = YES;
				GCC_WARN_UNINITIALIZED_AUTOS = YES_AGGRESSIVE;
				GCC_WARN_UNUSED_FUNCTION = YES;
				GCC_WARN_UNUSED_VARIABLE = YES;
				IPHONEOS_DEPLOYMENT_TARGET = 18.2;
				LOCALIZATION_PREFERS_STRING_CATALOGS = YES;
				MTL_ENABLE_DEBUG_INFO = NO;
				MTL_FAST_MATH = YES;
				SDKROOT = iphoneos;
				SWIFT_COMPILATION_MODE = wholemodule;
				VALIDATE_PRODUCT = YES;
			};
			name = Release;
		};
		28C4DDE32DAE70F00072FA58 /* Debug */ = {
			isa = XCBuildConfiguration;
			buildSettings = {
				ASSETCATALOG_COMPILER_APPICON_NAME = AppIcon;
				ASSETCATALOG_COMPILER_GLOBAL_ACCENT_COLOR_NAME = AccentColor;
				CODE_SIGN_STYLE = Automatic;
				CURRENT_PROJECT_VERSION = 1;
				DEVELOPMENT_ASSET_PATHS = "\"bereal-voodoo-test-assignment/Resources/Preview Assets.xcassets\"";
				DEVELOPMENT_TEAM = 3HH2J28JN6;
				ENABLE_PREVIEWS = YES;
				GENERATE_INFOPLIST_FILE = YES;
				INFOPLIST_FILE = "bereal-voodoo-test-assignment/App/Info.plist";
				INFOPLIST_KEY_UIApplicationSceneManifest_Generation = YES;
				INFOPLIST_KEY_UIApplicationSupportsIndirectInputEvents = YES;
				INFOPLIST_KEY_UILaunchStoryboardName = "Launch Screen.storyboard";
				INFOPLIST_KEY_UIRequiresFullScreen = YES;
				INFOPLIST_KEY_UIStatusBarHidden = YES;
				INFOPLIST_KEY_UISupportedInterfaceOrientations = "UIInterfaceOrientationLandscapeLeft UIInterfaceOrientationLandscapeRight UIInterfaceOrientationPortrait UIInterfaceOrientationPortraitUpsideDown";
				IPHONEOS_DEPLOYMENT_TARGET = 16;
				LD_RUNPATH_SEARCH_PATHS = (
					"$(inherited)",
					"@executable_path/Frameworks",
				);
				MARKETING_VERSION = 1.0;
				PRODUCT_BUNDLE_IDENTIFIER = "com.genie.bereal-voodoo-test-assignment";
				PRODUCT_NAME = "$(TARGET_NAME)";
				SWIFT_EMIT_LOC_STRINGS = YES;
				SWIFT_VERSION = 5.0;
				TARGETED_DEVICE_FAMILY = "1,2";
			};
			name = Debug;
		};
		28C4DDE42DAE70F00072FA58 /* Release */ = {
			isa = XCBuildConfiguration;
			buildSettings = {
				ASSETCATALOG_COMPILER_APPICON_NAME = AppIcon;
				ASSETCATALOG_COMPILER_GLOBAL_ACCENT_COLOR_NAME = AccentColor;
				CODE_SIGN_STYLE = Automatic;
				CURRENT_PROJECT_VERSION = 1;
				DEVELOPMENT_ASSET_PATHS = "\"bereal-voodoo-test-assignment/Resources/Preview Assets.xcassets\"";
				DEVELOPMENT_TEAM = 3HH2J28JN6;
				ENABLE_PREVIEWS = YES;
				GENERATE_INFOPLIST_FILE = YES;
				INFOPLIST_FILE = "bereal-voodoo-test-assignment/App/Info.plist";
				INFOPLIST_KEY_UIApplicationSceneManifest_Generation = YES;
				INFOPLIST_KEY_UIApplicationSupportsIndirectInputEvents = YES;
				INFOPLIST_KEY_UILaunchStoryboardName = "Launch Screen.storyboard";
				INFOPLIST_KEY_UIRequiresFullScreen = YES;
				INFOPLIST_KEY_UIStatusBarHidden = YES;
				INFOPLIST_KEY_UISupportedInterfaceOrientations = "UIInterfaceOrientationLandscapeLeft UIInterfaceOrientationLandscapeRight UIInterfaceOrientationPortrait UIInterfaceOrientationPortraitUpsideDown";
				IPHONEOS_DEPLOYMENT_TARGET = 16;
				LD_RUNPATH_SEARCH_PATHS = (
					"$(inherited)",
					"@executable_path/Frameworks",
				);
				MARKETING_VERSION = 1.0;
				PRODUCT_BUNDLE_IDENTIFIER = "com.genie.bereal-voodoo-test-assignment";
				PRODUCT_NAME = "$(TARGET_NAME)";
				SWIFT_EMIT_LOC_STRINGS = YES;
				SWIFT_VERSION = 5.0;
				TARGETED_DEVICE_FAMILY = "1,2";
			};
			name = Release;
		};
/* End XCBuildConfiguration section */

/* Begin XCConfigurationList section */
		28C4DDCF2DAE70EF0072FA58 /* Build configuration list for PBXProject "bereal-voodoo-test-assignment" */ = {
			isa = XCConfigurationList;
			buildConfigurations = (
				28C4DDE02DAE70F00072FA58 /* Debug */,
				28C4DDE12DAE70F00072FA58 /* Release */,
			);
			defaultConfigurationIsVisible = 0;
			defaultConfigurationName = Release;
		};
		28C4DDE22DAE70F00072FA58 /* Build configuration list for PBXNativeTarget "bereal-voodoo-test-assignment" */ = {
			isa = XCConfigurationList;
			buildConfigurations = (
				28C4DDE32DAE70F00072FA58 /* Debug */,
				28C4DDE42DAE70F00072FA58 /* Release */,
			);
			defaultConfigurationIsVisible = 0;
			defaultConfigurationName = Release;
		};
/* End XCConfigurationList section */
	};
	rootObject = 28C4DDCC2DAE70EF0072FA58 /* Project object */;
}
